
Microsoft Visual Studio Solution File, Format Version 12.00
# Visual Studio Version 17
VisualStudioVersion = 17.4.33205.214
MinimumVisualStudioVersion = 10.0.40219.1
Project("{FAE04EC0-301F-11D3-BF4B-00C04F79EFBC}") = "League.BL", "League.BL\League.BL.csproj", "{3D74E726-4086-4E8D-902F-3A1AA368F39F}"
EndProject
Global
	GlobalSection(SolutionConfigurationPlatforms) = preSolution
		Debug|Any CPU = Debug|Any CPU
		Release|Any CPU = Release|Any CPU
	EndGlobalSection
	GlobalSection(ProjectConfigurationPlatforms) = postSolution
		{3D74E726-4086-4E8D-902F-3A1AA368F39F}.Debug|Any CPU.ActiveCfg = Debug|Any CPU
		{3D74E726-4086-4E8D-902F-3A1AA368F39F}.Debug|Any CPU.Build.0 = Debug|Any CPU
		{3D74E726-4086-4E8D-902F-3A1AA368F39F}.Release|Any CPU.ActiveCfg = Release|Any CPU
		{3D74E726-4086-4E8D-902F-3A1AA368F39F}.Release|Any CPU.Build.0 = Release|Any CPU
	EndGlobalSection
	GlobalSection(SolutionProperties) = preSolution
		HideSolutionNode = FALSE
	EndGlobalSection
	GlobalSection(ExtensibilityGlobals) = postSolution
		SolutionGuid = {EA31B2E0-68B5-45FC-B0BB-A4324EFDB396}
	EndGlobalSection
EndGlobal
